
Microsoft Visual Studio Solution File, Format Version 12.00
# Visual Studio Version 16
VisualStudioVersion = 16.0.29609.76
MinimumVisualStudioVersion = 10.0.40219.1
Project("{9A19103F-16F7-4668-BE54-9A1E7A4F7556}") = "SimpleMicroservice", "SimpleMicroservice\SimpleMicroservice.csproj", "{D182BC4B-5647-49FE-AE5E-8CEA45EB4F9C}"
EndProject
Project("{FAE04EC0-301F-11D3-BF4B-00C04F79EFBC}") = "APIGateway", "APIGateway\APIGateway.csproj", "{F61DC08A-E6DA-4A27-92D3-0949A49FAC4E}"
EndProject
Global
	GlobalSection(SolutionConfigurationPlatforms) = preSolution
		Debug|Any CPU = Debug|Any CPU
		Release|Any CPU = Release|Any CPU
	EndGlobalSection
	GlobalSection(ProjectConfigurationPlatforms) = postSolution
		{D182BC4B-5647-49FE-AE5E-8CEA45EB4F9C}.Debug|Any CPU.ActiveCfg = Debug|Any CPU
		{D182BC4B-5647-49FE-AE5E-8CEA45EB4F9C}.Debug|Any CPU.Build.0 = Debug|Any CPU
		{D182BC4B-5647-49FE-AE5E-8CEA45EB4F9C}.Release|Any CPU.ActiveCfg = Release|Any CPU
		{D182BC4B-5647-49FE-AE5E-8CEA45EB4F9C}.Release|Any CPU.Build.0 = Release|Any CPU
		{F61DC08A-E6DA-4A27-92D3-0949A49FAC4E}.Debug|Any CPU.ActiveCfg = Debug|Any CPU
		{F61DC08A-E6DA-4A27-92D3-0949A49FAC4E}.Debug|Any CPU.Build.0 = Debug|Any CPU
		{F61DC08A-E6DA-4A27-92D3-0949A49FAC4E}.Release|Any CPU.ActiveCfg = Release|Any CPU
		{F61DC08A-E6DA-4A27-92D3-0949A49FAC4E}.Release|Any CPU.Build.0 = Release|Any CPU
	EndGlobalSection
	GlobalSection(SolutionProperties) = preSolution
		HideSolutionNode = FALSE
	EndGlobalSection
	GlobalSection(ExtensibilityGlobals) = postSolution
		SolutionGuid = {6E304683-2F50-4DF0-8BBF-2A57B8A0A7C2}
	EndGlobalSection
EndGlobal
